
Microsoft Visual Studio Solution File, Format Version 12.00
# Visual Studio Version 17
VisualStudioVersion = 17.10.34916.146
MinimumVisualStudioVersion = 10.0.40219.1
Project("{FAE04EC0-301F-11D3-BF4B-00C04F79EFBC}") = "Ado.net", "Ado.net\Ado.net.csproj", "{5358178E-B262-44D2-8B8D-2AB4228B352C}"
EndProject
Global
	GlobalSection(SolutionConfigurationPlatforms) = preSolution
		Debug|Any CPU = Debug|Any CPU
		Release|Any CPU = Release|Any CPU
	EndGlobalSection
	GlobalSection(ProjectConfigurationPlatforms) = postSolution
		{5358178E-B262-44D2-8B8D-2AB4228B352C}.Debug|Any CPU.ActiveCfg = Debug|Any CPU
		{5358178E-B262-44D2-8B8D-2AB4228B352C}.Debug|Any CPU.Build.0 = Debug|Any CPU
		{5358178E-B262-44D2-8B8D-2AB4228B352C}.Release|Any CPU.ActiveCfg = Release|Any CPU
		{5358178E-B262-44D2-8B8D-2AB4228B352C}.Release|Any CPU.Build.0 = Release|Any CPU
	EndGlobalSection
	GlobalSection(SolutionProperties) = preSolution
		HideSolutionNode = FALSE
	EndGlobalSection
	GlobalSection(ExtensibilityGlobals) = postSolution
		SolutionGuid = {8780096A-6FB0-4A31-ABC7-FBF41E0E4F6F}
	EndGlobalSection
EndGlobal
